Microsoft Visual Studio Solution File, Format Version 8.00
Project("{8BC9CEB8-8B4A-11D0-8D11-00A0C91BC942}") = "OSImageTool", "OSImageTool.vcproj", "{B29B0169-8D8E-4A97-B715-CC0C2310939C}"
	ProjectSection(ProjectDependencies) = postProject
	EndProjectSection
EndProject
Global
	GlobalSection(SolutionConfiguration) = preSolution
		Debug = Debug
		Release = Release
	EndGlobalSection
	GlobalSection(ProjectConfiguration) = postSolution
		{B29B0169-8D8E-4A97-B715-CC0C2310939C}.Debug.ActiveCfg = Debug|Win32
		{B29B0169-8D8E-4A97-B715-CC0C2310939C}.Debug.Build.0 = Debug|Win32
		{B29B0169-8D8E-4A97-B715-CC0C2310939C}.Release.ActiveCfg = Release|Win32
		{B29B0169-8D8E-4A97-B715-CC0C2310939C}.Release.Build.0 = Release|Win32
	EndGlobalSection
	GlobalSection(ExtensibilityGlobals) = postSolution
	EndGlobalSection
	GlobalSection(ExtensibilityAddIns) = postSolution
	EndGlobalSection
EndGlobal
