<?xml version="1.0" encoding="utf-8"?>
<Project ToolsVersion="4.0" xmlns="http://schemas.microsoft.com/developer/msbuild/2003">
  <ItemGroup>
    <Filter Include="Source Files">
      <UniqueIdentifier>{4FC737F1-C7A5-4376-A066-2A32D752A2FF}</UniqueIdentifier>
      <Extensions>cpp;c;cc;cxx;def;odl;idl;hpj;bat;asm;asmx</Extensions>
    </Filter>
    <Filter Include="Header Files">
      <UniqueIdentifier>{93995380-89BD-4b04-88EB-625FBE52EBFB}</UniqueIdentifier>
      <Extensions>h;hpp;hxx;hm;inl;inc;xsd</Extensions>
    </Filter>
  </ItemGroup>
  <ItemGroup>
    <ClCompile Include="NtfsUtil.cpp">
      <Filter>Source Files</Filter>
    </ClCompile>
    <ClCompile Include="FsUtil.cpp">
      <Filter>Source Files</Filter>
    </ClCompile>
    <ClCompile Include="MFTRecord.cpp">
      <Filter>Source Files</Filter>
    </ClCompile>
    <ClCompile Include="FsFilter.cpp">
      <Filter>Source Files</Filter>
    </ClCompile>
    <ClCompile Include="FsTime.cpp">
      <Filter>Source Files</Filter>
    </ClCompile>
    <ClCompile Include="Pattern.cpp">
      <Filter>Source Files</Filter>
    </ClCompile>
    <ClCompile Include="GetOpts.cpp">
      <Filter>Source Files</Filter>
    </ClCompile>
    <ClCompile Include="LocaleFmt.cpp">
      <Filter>Source Files</Filter>
    </ClCompile>
    <ClCompile Include="NTFSfastFind.cpp">
      <Filter>Source Files</Filter>
    </ClCompile>
  </ItemGroup>
  <ItemGroup>
    <ClInclude Include="NtfsUtil.h">
      <Filter>Header Files</Filter>
    </ClInclude>
    <ClInclude Include="FsUtil.h">
      <Filter>Header Files</Filter>
    </ClInclude>
    <ClInclude Include="Hnd.h">
      <Filter>Header Files</Filter>
    </ClInclude>
    <ClInclude Include="MFTRecord.h">
      <Filter>Header Files</Filter>
    </ClInclude>
    <ClInclude Include="BaseTypes.h">
      <Filter>Header Files</Filter>
    </ClInclude>
    <ClInclude Include="Block.h">
      <Filter>Header Files</Filter>
    </ClInclude>
    <ClInclude Include="SharePtr.h">
      <Filter>Header Files</Filter>
    </ClInclude>
    <ClInclude Include="FsFilter.h">
      <Filter>Header Files</Filter>
    </ClInclude>
    <ClInclude Include="NtfsTypes.h">
      <Filter>Header Files</Filter>
    </ClInclude>
    <ClInclude Include="FsTime.h">
      <Filter>Header Files</Filter>
    </ClInclude>
    <ClInclude Include="Pattern.h">
      <Filter>Header Files</Filter>
    </ClInclude>
    <ClInclude Include="GetOpts.h">
      <Filter>Header Files</Filter>
    </ClInclude>
    <ClInclude Include="LocaleFmt.h">
      <Filter>Header Files</Filter>
    </ClInclude>
    <ClInclude Include="oNullStream.h">
      <Filter>Header Files</Filter>
    </ClInclude>
    <ClInclude Include="std_pre.h">
      <Filter>Header Files</Filter>
    </ClInclude>
  </ItemGroup>
</Project>