<?xml version="1.0" encoding="utf-8"?>
<Project ToolsVersion="4.0" xmlns="http://schemas.microsoft.com/developer/msbuild/2003">
  <ItemGroup>
    <Filter Include="Source Files">
      <UniqueIdentifier>{4FC737F1-C7A5-4376-A066-2A32D752A2FF}</UniqueIdentifier>
      <Extensions>cpp;c;cxx;def;odl;idl;hpj;bat;asm;asmx</Extensions>
    </Filter>
    <Filter Include="Header Files">
      <UniqueIdentifier>{93995380-89BD-4b04-88EB-625FBE52EBFB}</UniqueIdentifier>
      <Extensions>h;hpp;hxx;hm;inl;inc;xsd</Extensions>
    </Filter>
    <Filter Include="Resource Files">
      <UniqueIdentifier>{67DA6AB6-F800-4c08-8B7A-83BB121AAD01}</UniqueIdentifier>
      <Extensions>rc;ico;cur;bmp;dlg;rc2;rct;bin;rgs;gif;jpg;jpeg;jpe;resx</Extensions>
    </Filter>
    <Filter Include="Common Files">
      <UniqueIdentifier>{57b18642-25c3-4e2d-81da-8722bfc658cf}</UniqueIdentifier>
    </Filter>
  </ItemGroup>
  <ItemGroup>
    <ClCompile Include="aboutdlg.cpp">
      <Filter>Source Files</Filter>
    </ClCompile>
    <ClCompile Include="colorbutton.cpp">
      <Filter>Source Files</Filter>
    </ClCompile>
    <ClCompile Include="DeleteWarningDlg.cpp">
      <Filter>Source Files</Filter>
    </ClCompile>
    <ClCompile Include="dirstatdoc.cpp">
      <Filter>Source Files</Filter>
    </ClCompile>
    <ClCompile Include="dirstatview.cpp">
      <Filter>Source Files</Filter>
    </ClCompile>
    <ClCompile Include="FileFindWDS.cpp">
      <Filter>Source Files</Filter>
    </ClCompile>
    <ClCompile Include="getosplatformstring.cpp">
      <Filter>Source Files</Filter>
    </ClCompile>
    <ClCompile Include="globalhelpers.cpp">
      <Filter>Source Files</Filter>
    </ClCompile>
    <ClCompile Include="graphview.cpp">
      <Filter>Source Files</Filter>
    </ClCompile>
    <ClCompile Include="item.cpp">
      <Filter>Source Files</Filter>
    </ClCompile>
    <ClCompile Include="layout.cpp">
      <Filter>Source Files</Filter>
    </ClCompile>
    <ClCompile Include="mainframe.cpp">
      <Filter>Source Files</Filter>
    </ClCompile>
    <ClCompile Include="ModalApiShuttle.cpp">
      <Filter>Source Files</Filter>
    </ClCompile>
    <ClCompile Include="ModalSendMail.cpp">
      <Filter>Source Files</Filter>
    </ClCompile>
    <ClCompile Include="ModalShellApi.cpp">
      <Filter>Source Files</Filter>
    </ClCompile>
    <ClCompile Include="mountpoints.cpp">
      <Filter>Source Files</Filter>
    </ClCompile>
    <ClCompile Include="myimagelist.cpp">
      <Filter>Source Files</Filter>
    </ClCompile>
    <ClCompile Include="options.cpp">
      <Filter>Source Files</Filter>
    </ClCompile>
    <ClCompile Include="osspecific.cpp">
      <Filter>Source Files</Filter>
    </ClCompile>
    <ClCompile Include="ownerdrawnlistcontrol.cpp">
      <Filter>Source Files</Filter>
    </ClCompile>
    <ClCompile Include="pacman.cpp">
      <Filter>Source Files</Filter>
    </ClCompile>
    <ClCompile Include="PageCleanups.cpp">
      <Filter>Source Files</Filter>
    </ClCompile>
    <ClCompile Include="PageGeneral.cpp">
      <Filter>Source Files</Filter>
    </ClCompile>
    <ClCompile Include="PageReport.cpp">
      <Filter>Source Files</Filter>
    </ClCompile>
    <ClCompile Include="PageTreelist.cpp">
      <Filter>Source Files</Filter>
    </ClCompile>
    <ClCompile Include="PageTreemap.cpp">
      <Filter>Source Files</Filter>
    </ClCompile>
    <ClCompile Include="ReportBugDlg.cpp">
      <Filter>Source Files</Filter>
    </ClCompile>
    <ClCompile Include="SelectDrivesDlg.cpp">
      <Filter>Source Files</Filter>
    </ClCompile>
    <ClCompile Include="sortinglistcontrol.cpp">
      <Filter>Source Files</Filter>
    </ClCompile>
    <ClCompile Include="stdafx.cpp">
      <Filter>Source Files</Filter>
    </ClCompile>
    <ClCompile Include="TreeListControl.cpp">
      <Filter>Source Files</Filter>
    </ClCompile>
    <ClCompile Include="treemap.cpp">
      <Filter>Source Files</Filter>
    </ClCompile>
    <ClCompile Include="typeview.cpp">
      <Filter>Source Files</Filter>
    </ClCompile>
    <ClCompile Include="windirstat.cpp">
      <Filter>Source Files</Filter>
    </ClCompile>
    <ClCompile Include="xyslider.cpp">
      <Filter>Source Files</Filter>
    </ClCompile>
    <ClCompile Include="..\common\commonhelpers.cpp">
      <Filter>Common Files</Filter>
    </ClCompile>
    <ClCompile Include="..\common\platform.cpp">
      <Filter>Common Files</Filter>
    </ClCompile>
  </ItemGroup>
  <ItemGroup>
    <ClInclude Include="aboutdlg.h">
      <Filter>Header Files</Filter>
    </ClInclude>
    <ClInclude Include="colorbutton.h">
      <Filter>Header Files</Filter>
    </ClInclude>
    <ClInclude Include="DeleteWarningDlg.h">
      <Filter>Header Files</Filter>
    </ClInclude>
    <ClInclude Include="dirstatdoc.h">
      <Filter>Header Files</Filter>
    </ClInclude>
    <ClInclude Include="dirstatview.h">
      <Filter>Header Files</Filter>
    </ClInclude>
    <ClInclude Include="FileFindWDS.h">
      <Filter>Header Files</Filter>
    </ClInclude>
    <ClInclude Include="getosplatformstring.h">
      <Filter>Header Files</Filter>
    </ClInclude>
    <ClInclude Include="globalhelpers.h">
      <Filter>Header Files</Filter>
    </ClInclude>
    <ClInclude Include="graphview.h">
      <Filter>Header Files</Filter>
    </ClInclude>
    <ClInclude Include="helpmap.h">
      <Filter>Header Files</Filter>
    </ClInclude>
    <ClInclude Include="item.h">
      <Filter>Header Files</Filter>
    </ClInclude>
    <ClInclude Include="layout.h">
      <Filter>Header Files</Filter>
    </ClInclude>
    <ClInclude Include="mainframe.h">
      <Filter>Header Files</Filter>
    </ClInclude>
    <ClInclude Include="ModalApiShuttle.h">
      <Filter>Header Files</Filter>
    </ClInclude>
    <ClInclude Include="ModalSendMail.h">
      <Filter>Header Files</Filter>
    </ClInclude>
    <ClInclude Include="ModalShellApi.h">
      <Filter>Header Files</Filter>
    </ClInclude>
    <ClInclude Include="mountpoints.h">
      <Filter>Header Files</Filter>
    </ClInclude>
    <ClInclude Include="myimagelist.h">
      <Filter>Header Files</Filter>
    </ClInclude>
    <ClInclude Include="options.h">
      <Filter>Header Files</Filter>
    </ClInclude>
    <ClInclude Include="osspecific.h">
      <Filter>Header Files</Filter>
    </ClInclude>
    <ClInclude Include="ownerdrawnlistcontrol.h">
      <Filter>Header Files</Filter>
    </ClInclude>
    <ClInclude Include="pacman.h">
      <Filter>Header Files</Filter>
    </ClInclude>
    <ClInclude Include="PageCleanups.h">
      <Filter>Header Files</Filter>
    </ClInclude>
    <ClInclude Include="PageGeneral.h">
      <Filter>Header Files</Filter>
    </ClInclude>
    <ClInclude Include="PageReport.h">
      <Filter>Header Files</Filter>
    </ClInclude>
    <ClInclude Include="PageTreelist.h">
      <Filter>Header Files</Filter>
    </ClInclude>
    <ClInclude Include="PageTreemap.h">
      <Filter>Header Files</Filter>
    </ClInclude>
    <ClInclude Include="ReportBugDlg.h">
      <Filter>Header Files</Filter>
    </ClInclude>
    <ClInclude Include="Resource.h">
      <Filter>Header Files</Filter>
    </ClInclude>
    <ClInclude Include="SelectDrivesDlg.h">
      <Filter>Header Files</Filter>
    </ClInclude>
    <ClInclude Include="selectobject.h">
      <Filter>Header Files</Filter>
    </ClInclude>
    <ClInclude Include="set.h">
      <Filter>Header Files</Filter>
    </ClInclude>
    <ClInclude Include="sortinglistcontrol.h">
      <Filter>Header Files</Filter>
    </ClInclude>
    <ClInclude Include="stdafx.h">
      <Filter>Header Files</Filter>
    </ClInclude>
    <ClInclude Include="TreeListControl.h">
      <Filter>Header Files</Filter>
    </ClInclude>
    <ClInclude Include="treemap.h">
      <Filter>Header Files</Filter>
    </ClInclude>
    <ClInclude Include="typeview.h">
      <Filter>Header Files</Filter>
    </ClInclude>
    <ClInclude Include="windirstat.h">
      <Filter>Header Files</Filter>
    </ClInclude>
    <ClInclude Include="xyslider.h">
      <Filter>Header Files</Filter>
    </ClInclude>
    <ClInclude Include="..\common\common_rsrcstr.h">
      <Filter>Common Files</Filter>
    </ClInclude>
    <ClInclude Include="..\common\commonhelpers.h">
      <Filter>Common Files</Filter>
    </ClInclude>
    <ClInclude Include="..\common\cotaskmem.h">
      <Filter>Common Files</Filter>
    </ClInclude>
    <ClInclude Include="..\common\mdexceptions.h">
      <Filter>Common Files</Filter>
    </ClInclude>
    <ClInclude Include="..\common\platform.h">
      <Filter>Common Files</Filter>
    </ClInclude>
    <ClInclude Include="..\common\version.h">
      <Filter>Common Files</Filter>
    </ClInclude>
  </ItemGroup>
  <ItemGroup>
    <Image Include="res\bitmap1.bmp">
      <Filter>Resource Files</Filter>
    </Image>
    <Image Include="res\bmp00001.bmp">
      <Filter>Resource Files</Filter>
    </Image>
    <Image Include="res\icon1.ico">
      <Filter>Resource Files</Filter>
    </Image>
    <Image Include="res\iconjunc.ico">
      <Filter>Resource Files</Filter>
    </Image>
    <Image Include="res\junctionpoint.bmp">
      <Filter>Resource Files</Filter>
    </Image>
    <Image Include="res\reparse-point.ico">
      <Filter>Resource Files</Filter>
    </Image>
    <Image Include="res\Toolbar.bmp">
      <Filter>Resource Files</Filter>
    </Image>
  </ItemGroup>
  <ItemGroup>
    <Text Include="res\license.txt">
      <Filter>Resource Files</Filter>
    </Text>
    <Text Include="..\changelog.txt" />
    <Text Include="..\README.txt" />
    <Text Include="..\testplan.txt" />
    <Text Include="..\TODO.txt" />
  </ItemGroup>
  <ItemGroup>
    <None Include="res\text1.bin">
      <Filter>Resource Files</Filter>
    </None>
    <None Include="res\windirstat.rc2">
      <Filter>Resource Files</Filter>
    </None>
  </ItemGroup>
  <ItemGroup>
    <Manifest Include="res\windirstat.manifest">
      <Filter>Resource Files</Filter>
    </Manifest>
  </ItemGroup>
  <ItemGroup>
    <ResourceCompile Include="windirstat.rc">
      <Filter>Resource Files</Filter>
    </ResourceCompile>
  </ItemGroup>
</Project>