<?xml version="1.0" encoding="utf-8"?>
<Project ToolsVersion="4.0" xmlns="http://schemas.microsoft.com/developer/msbuild/2003">
  <ItemGroup>
    <Filter Include="Source Files">
      <UniqueIdentifier>{4FC737F1-C7A5-4376-A066-2A32D752A2FF}</UniqueIdentifier>
      <Extensions>cpp;c;cc;cxx;def;odl;idl;hpj;bat;asm;asmx</Extensions>
    </Filter>
    <Filter Include="Header Files">
      <UniqueIdentifier>{93995380-89BD-4b04-88EB-625FBE52EBFB}</UniqueIdentifier>
      <Extensions>h;hpp;hxx;hm;inl;inc;xsd</Extensions>
    </Filter>
    <Filter Include="Resource Files">
      <UniqueIdentifier>{67DA6AB6-F800-4c08-8B7A-83BB121AAD01}</UniqueIdentifier>
      <Extensions>rc;ico;cur;bmp;dlg;rc2;rct;bin;rgs;gif;jpg;jpeg;jpe;resx;tiff;tif;png;wav;mfcribbon-ms</Extensions>
    </Filter>
    <Filter Include="common">
      <UniqueIdentifier>{82ca7540-b14f-4cda-b6c3-766a01dff725}</UniqueIdentifier>
    </Filter>
  </ItemGroup>
  <ItemGroup>
    <ClInclude Include="guids.hpp">
      <Filter>Header Files</Filter>
    </ClInclude>
    <ClInclude Include="headers.hpp">
      <Filter>Header Files</Filter>
    </ClInclude>
    <ClInclude Include="inet.hpp">
      <Filter>Header Files</Filter>
    </ClInclude>
    <ClInclude Include="options.hpp">
      <Filter>Header Files</Filter>
    </ClInclude>
    <ClInclude Include="trayicon.hpp">
      <Filter>Header Files</Filter>
    </ClInclude>
    <ClInclude Include="ui.hpp">
      <Filter>Header Files</Filter>
    </ClInclude>
    <ClInclude Include="update.hpp">
      <Filter>Header Files</Filter>
    </ClInclude>
    <ClInclude Include="plugin.h.h">
      <Filter>Resource Files</Filter>
    </ClInclude>
    <ClInclude Include="..\common\error.hpp">
      <Filter>common</Filter>
    </ClInclude>
    <ClInclude Include="..\common\farutils.hpp">
      <Filter>common</Filter>
    </ClInclude>
    <ClInclude Include="..\common\iniparse.hpp">
      <Filter>common</Filter>
    </ClInclude>
    <ClInclude Include="..\common\sysutils.hpp">
      <Filter>common</Filter>
    </ClInclude>
    <ClInclude Include="..\common\utils.hpp">
      <Filter>common</Filter>
    </ClInclude>
  </ItemGroup>
  <ItemGroup>
    <ClCompile Include="headers.cpp">
      <Filter>Source Files</Filter>
    </ClCompile>
    <ClCompile Include="inet.cpp">
      <Filter>Source Files</Filter>
    </ClCompile>
    <ClCompile Include="options.cpp">
      <Filter>Source Files</Filter>
    </ClCompile>
    <ClCompile Include="plugin.cpp">
      <Filter>Source Files</Filter>
    </ClCompile>
    <ClCompile Include="trayicon.cpp">
      <Filter>Source Files</Filter>
    </ClCompile>
    <ClCompile Include="ui.cpp">
      <Filter>Source Files</Filter>
    </ClCompile>
    <ClCompile Include="update.cpp">
      <Filter>Source Files</Filter>
    </ClCompile>
    <ClCompile Include="..\common\farutils.cpp">
      <Filter>common</Filter>
    </ClCompile>
    <ClCompile Include="..\common\iniparse.cpp">
      <Filter>common</Filter>
    </ClCompile>
    <ClCompile Include="..\common\numutils.cpp">
      <Filter>common</Filter>
    </ClCompile>
    <ClCompile Include="..\common\pathutils.cpp">
      <Filter>common</Filter>
    </ClCompile>
    <ClCompile Include="..\common\strutils.cpp">
      <Filter>common</Filter>
    </ClCompile>
    <ClCompile Include="..\common\sysutils.cpp">
      <Filter>common</Filter>
    </ClCompile>
  </ItemGroup>
  <ItemGroup>
    <None Include="en.hlf">
      <Filter>Resource Files</Filter>
    </None>
    <None Include="en.msg">
      <Filter>Resource Files</Filter>
    </None>
    <None Include="project.ini">
      <Filter>Resource Files</Filter>
    </None>
    <None Include="ru.hlf">
      <Filter>Resource Files</Filter>
    </None>
    <None Include="ru.msg">
      <Filter>Resource Files</Filter>
    </None>
    <None Include="update.ico">
      <Filter>Resource Files</Filter>
    </None>
  </ItemGroup>
  <ItemGroup>
    <ResourceCompile Include="icon.rc">
      <Filter>Resource Files</Filter>
    </ResourceCompile>
    <ResourceCompile Include="version.rc">
      <Filter>Resource Files</Filter>
    </ResourceCompile>
  </ItemGroup>
</Project>