<?xml version="1.0" encoding="utf-8"?>
<Project ToolsVersion="4.0" xmlns="http://schemas.microsoft.com/developer/msbuild/2003">
  <ItemGroup>
    <Filter Include="Source Files">
      <UniqueIdentifier>{84fd128f-e9d7-414c-b2fa-9441478e4cab}</UniqueIdentifier>
    </Filter>
    <Filter Include="Header Files">
      <UniqueIdentifier>{79ef0e58-407c-446a-8368-3d7e8bad3e92}</UniqueIdentifier>
    </Filter>
    <Filter Include="Resource Files">
      <UniqueIdentifier>{19727b41-a29a-4818-b9aa-c6ca844ace2f}</UniqueIdentifier>
    </Filter>
  </ItemGroup>
  <ItemGroup>
    <ClCompile Include="compress_files.cpp">
      <Filter>Source Files</Filter>
    </ClCompile>
    <ClCompile Include="content.cpp">
      <Filter>Source Files</Filter>
    </ClCompile>
    <ClCompile Include="defragment.cpp">
      <Filter>Source Files</Filter>
    </ClCompile>
    <ClCompile Include="dlgapi.cpp">
      <Filter>Source Files</Filter>
    </ClCompile>
    <ClCompile Include="file_panel.cpp">
      <Filter>Source Files</Filter>
    </ClCompile>
    <ClCompile Include="filever.cpp">
      <Filter>Source Files</Filter>
    </ClCompile>
    <ClCompile Include="headers.cpp">
      <Filter>Source Files</Filter>
    </ClCompile>
    <ClCompile Include="main.cpp">
      <Filter>Source Files</Filter>
    </ClCompile>
    <ClCompile Include="mftindex.cpp">
      <Filter>Source Files</Filter>
    </ClCompile>
    <ClCompile Include="ntfs_file.cpp">
      <Filter>Source Files</Filter>
    </ClCompile>
    <ClCompile Include="options.cpp">
      <Filter>Source Files</Filter>
    </ClCompile>
    <ClCompile Include="utils.cpp">
      <Filter>Source Files</Filter>
    </ClCompile>
    <ClCompile Include="volume.cpp">
      <Filter>Source Files</Filter>
    </ClCompile>
    <ClCompile Include="volume_list.cpp">
      <Filter>Source Files</Filter>
    </ClCompile>
  </ItemGroup>
  <ItemGroup>
    <ClInclude Include="compress_files.h">
      <Filter>Header Files</Filter>
    </ClInclude>
    <ClInclude Include="error.h">
      <Filter>Header Files</Filter>
    </ClInclude>
    <ClInclude Include="content.h">
      <Filter>Header Files</Filter>
    </ClInclude>
    <ClInclude Include="defragment.h">
      <Filter>Header Files</Filter>
    </ClInclude>
    <ClInclude Include="dlgapi.h">
      <Filter>Header Files</Filter>
    </ClInclude>
    <ClInclude Include="volume.h">
      <Filter>Header Files</Filter>
    </ClInclude>
    <ClInclude Include="file_panel.h">
      <Filter>Header Files</Filter>
    </ClInclude>
    <ClInclude Include="filever.h">
      <Filter>Header Files</Filter>
    </ClInclude>
    <ClInclude Include="guids.h">
      <Filter>Header Files</Filter>
    </ClInclude>
    <ClInclude Include="log.h">
      <Filter>Header Files</Filter>
    </ClInclude>
    <ClInclude Include="ntfs.h">
      <Filter>Header Files</Filter>
    </ClInclude>
    <ClInclude Include="ntfs_file.h">
      <Filter>Header Files</Filter>
    </ClInclude>
    <ClInclude Include="options.h">
      <Filter>Header Files</Filter>
    </ClInclude>
    <ClInclude Include="utils.h">
      <Filter>Header Files</Filter>
    </ClInclude>
    <ClInclude Include="headers.hpp">
      <Filter>Header Files</Filter>
    </ClInclude>
    <ClInclude Include="plugin.h.h">
      <Filter>Resource Files</Filter>
    </ClInclude>
  </ItemGroup>
  <ItemGroup>
    <None Include="en.hlf">
      <Filter>Resource Files</Filter>
    </None>
    <None Include="en.msg">
      <Filter>Resource Files</Filter>
    </None>
    <None Include="file_id.diz">
      <Filter>Resource Files</Filter>
    </None>
    <None Include="history_ru.txt">
      <Filter>Resource Files</Filter>
    </None>
    <None Include="project.ini">
      <Filter>Resource Files</Filter>
    </None>
    <None Include="ru.hlf">
      <Filter>Resource Files</Filter>
    </None>
  </ItemGroup>
  <ItemGroup>
    <ResourceCompile Include="version.rc">
      <Filter>Resource Files</Filter>
    </ResourceCompile>
  </ItemGroup>
</Project>